
Microsoft Visual Studio Solution File, Format Version 12.00
# Visual Studio Version 16
VisualStudioVersion = 16.0.29613.14
MinimumVisualStudioVersion = 10.0.40219.1
Project("{FAE04EC0-301F-11D3-BF4B-00C04F79EFBC}") = "WebCoreNet3", "WebCoreNet3\WebCoreNet3.csproj", "{6A791BD8-7C66-4BB4-8AFF-20F72479DA3C}"
EndProject
Global
	GlobalSection(SolutionConfigurationPlatforms) = preSolution
		Debug|Any CPU = Debug|Any CPU
		Release|Any CPU = Release|Any CPU
	EndGlobalSection
	GlobalSection(ProjectConfigurationPlatforms) = postSolution
		{6A791BD8-7C66-4BB4-8AFF-20F72479DA3C}.Debug|Any CPU.ActiveCfg = Debug|Any CPU
		{6A791BD8-7C66-4BB4-8AFF-20F72479DA3C}.Debug|Any CPU.Build.0 = Debug|Any CPU
		{6A791BD8-7C66-4BB4-8AFF-20F72479DA3C}.Release|Any CPU.ActiveCfg = Release|Any CPU
		{6A791BD8-7C66-4BB4-8AFF-20F72479DA3C}.Release|Any CPU.Build.0 = Release|Any CPU
	EndGlobalSection
	GlobalSection(SolutionProperties) = preSolution
		HideSolutionNode = FALSE
	EndGlobalSection
	GlobalSection(ExtensibilityGlobals) = postSolution
		SolutionGuid = {8FB87CC6-1165-4043-B112-50CD62674EF3}
	EndGlobalSection
EndGlobal
